// !$*UTF8*$!
{
	archiveVersion = 1;
	classes = {
	};
	objectVersion = 77;
	objects = {

/* Begin PBXBuildFile section */
		480461562F9FF45F00B2A4E0 /* AppDelegate.swift in Sources */ = {isa = PBXBuildFile; fileRef = 480461552F9FF45F00B2A4E0 /* AppDelegate.swift */; };
		480461582F9FF45F00B2A4E0 /* SceneDelegate.swift in Sources */ = {isa = PBXBuildFile; fileRef = 480461572F9FF45F00B2A4E0 /* SceneDelegate.swift */; };
		4804615B2F9FF45F00B2A4E0 /* LaunchScreen.storyboard in Resources */ = {isa = PBXBuildFile; fileRef = 480461592F9FF45F00B2A4E0 /* LaunchScreen.storyboard */; };
		4804615E2F9FF45F00B2A4E0 /* Main.storyboard in Resources */ = {isa = PBXBuildFile; fileRef = 4804615C2F9FF45F00B2A4E0 /* Main.storyboard */; };
		480461672F9FF45F00B2A4E0 /* AppDelegate.swift in Sources */ = {isa = PBXBuildFile; fileRef = 480461662F9FF45F00B2A4E0 /* AppDelegate.swift */; };
		4804616A2F9FF45F00B2A4E0 /* Main.storyboard in Resources */ = {isa = PBXBuildFile; fileRef = 480461682F9FF45F00B2A4E0 /* Main.storyboard */; };
		480461712F9FF45F00B2A4E0 /* Autotask Enhancement Suite Extension.appex in Embed Foundation Extensions */ = {isa = PBXBuildFile; fileRef = 480461702F9FF45F00B2A4E0 /* Autotask Enhancement Suite Extension.appex */; settings = {ATTRIBUTES = (RemoveHeadersOnCopy, ); }; };
		4804617B2F9FF45F00B2A4E0 /* Autotask Enhancement Suite Extension.appex in Embed Foundation Extensions */ = {isa = PBXBuildFile; fileRef = 4804617A2F9FF45F00B2A4E0 /* Autotask Enhancement Suite Extension.appex */; settings = {ATTRIBUTES = (RemoveHeadersOnCopy, ); }; };
		480461802F9FF45F00B2A4E0 /* Main.html in Resources */ = {isa = PBXBuildFile; fileRef = 480461452F9FF45E00B2A4E0 /* Main.html */; };
		480461812F9FF45F00B2A4E0 /* Main.html in Resources */ = {isa = PBXBuildFile; fileRef = 480461452F9FF45E00B2A4E0 /* Main.html */; };
		480461822F9FF45F00B2A4E0 /* Icon.png in Resources */ = {isa = PBXBuildFile; fileRef = 480461472F9FF45E00B2A4E0 /* Icon.png */; };
		480461832F9FF45F00B2A4E0 /* Icon.png in Resources */ = {isa = PBXBuildFile; fileRef = 480461472F9FF45E00B2A4E0 /* Icon.png */; };
		480461842F9FF45F00B2A4E0 /* Style.css in Resources */ = {isa = PBXBuildFile; fileRef = 480461482F9FF45E00B2A4E0 /* Style.css */; };
		480461852F9FF45F00B2A4E0 /* Style.css in Resources */ = {isa = PBXBuildFile; fileRef = 480461482F9FF45E00B2A4E0 /* Style.css */; };
		480461862F9FF45F00B2A4E0 /* Script.js in Resources */ = {isa = PBXBuildFile; fileRef = 480461492F9FF45E00B2A4E0 /* Script.js */; };
		480461872F9FF45F00B2A4E0 /* Script.js in Resources */ = {isa = PBXBuildFile; fileRef = 480461492F9FF45E00B2A4E0 /* Script.js */; };
		480461882F9FF45F00B2A4E0 /* ViewController.swift in Sources */ = {isa = PBXBuildFile; fileRef = 4804614A2F9FF45E00B2A4E0 /* ViewController.swift */; };
		480461892F9FF45F00B2A4E0 /* ViewController.swift in Sources */ = {isa = PBXBuildFile; fileRef = 4804614A2F9FF45E00B2A4E0 /* ViewController.swift */; };
		4804618A2F9FF45F00B2A4E0 /* Assets.xcassets in Resources */ = {isa = PBXBuildFile; fileRef = 4804614B2F9FF45F00B2A4E0 /* Assets.xcassets */; };
		4804618B2F9FF45F00B2A4E0 /* Assets.xcassets in Resources */ = {isa = PBXBuildFile; fileRef = 4804614B2F9FF45F00B2A4E0 /* Assets.xcassets */; };
		4804618C2F9FF45F00B2A4E0 /* SafariWebExtensionHandler.swift in Sources */ = {isa = PBXBuildFile; fileRef = 4804614D2F9FF45F00B2A4E0 /* SafariWebExtensionHandler.swift */; };
		4804618D2F9FF45F00B2A4E0 /* SafariWebExtensionHandler.swift in Sources */ = {isa = PBXBuildFile; fileRef = 4804614D2F9FF45F00B2A4E0 /* SafariWebExtensionHandler.swift */; };
		480461AD2F9FF45F00B2A4E0 /* aes-shell.js in Resources */ = {isa = PBXBuildFile; fileRef = 4804619F2F9FF45F00B2A4E0 /* aes-shell.js */; };
		480461AE2F9FF45F00B2A4E0 /* aes-storage.js in Resources */ = {isa = PBXBuildFile; fileRef = 480461A02F9FF45F00B2A4E0 /* aes-storage.js */; };
		480461AF2F9FF45F00B2A4E0 /* aes-page-bridge.js in Resources */ = {isa = PBXBuildFile; fileRef = 480461A12F9FF45F00B2A4E0 /* aes-page-bridge.js */; };
		480461B02F9FF45F00B2A4E0 /* aes-background.js in Resources */ = {isa = PBXBuildFile; fileRef = 480461A22F9FF45F00B2A4E0 /* aes-background.js */; };
		480461B12F9FF45F00B2A4E0 /* aes-shared.js in Resources */ = {isa = PBXBuildFile; fileRef = 480461A32F9FF45F00B2A4E0 /* aes-shared.js */; };
		480461B22F9FF45F00B2A4E0 /* CHANGELOG.md in Resources */ = {isa = PBXBuildFile; fileRef = 480461A42F9FF45F00B2A4E0 /* CHANGELOG.md */; };
		480461B32F9FF45F00B2A4E0 /* content-tabs.js in Resources */ = {isa = PBXBuildFile; fileRef = 480461A52F9FF45F00B2A4E0 /* content-tabs.js */; };
		480461B42F9FF45F00B2A4E0 /* aes-phone-links.js in Resources */ = {isa = PBXBuildFile; fileRef = 480461A62F9FF45F00B2A4E0 /* aes-phone-links.js */; };
		480461B52F9FF45F00B2A4E0 /* content-simple.legacy.js in Resources */ = {isa = PBXBuildFile; fileRef = 480461A72F9FF45F00B2A4E0 /* content-simple.legacy.js */; };
		480461B62F9FF45F00B2A4E0 /* README.md in Resources */ = {isa = PBXBuildFile; fileRef = 480461A82F9FF45F00B2A4E0 /* README.md */; };
		480461B72F9FF45F00B2A4E0 /* RELEASE.md in Resources */ = {isa = PBXBuildFile; fileRef = 480461A92F9FF45F00B2A4E0 /* RELEASE.md */; };
		480461B82F9FF45F00B2A4E0 /* aes-iframe-bridge.js in Resources */ = {isa = PBXBuildFile; fileRef = 480461AA2F9FF45F00B2A4E0 /* aes-iframe-bridge.js */; };
		480461B92F9FF45F00B2A4E0 /* icons in Resources */ = {isa = PBXBuildFile; fileRef = 480461AB2F9FF45F00B2A4E0 /* icons */; };
		480461BA2F9FF45F00B2A4E0 /* manifest.json in Resources */ = {isa = PBXBuildFile; fileRef = 480461AC2F9FF45F00B2A4E0 /* manifest.json */; };
		480461BB2F9FF45F00B2A4E0 /* aes-shell.js in Resources */ = {isa = PBXBuildFile; fileRef = 4804619F2F9FF45F00B2A4E0 /* aes-shell.js */; };
		480461BC2F9FF45F00B2A4E0 /* aes-storage.js in Resources */ = {isa = PBXBuildFile; fileRef = 480461A02F9FF45F00B2A4E0 /* aes-storage.js */; };
		480461BD2F9FF45F00B2A4E0 /* aes-page-bridge.js in Resources */ = {isa = PBXBuildFile; fileRef = 480461A12F9FF45F00B2A4E0 /* aes-page-bridge.js */; };
		480461BE2F9FF45F00B2A4E0 /* aes-background.js in Resources */ = {isa = PBXBuildFile; fileRef = 480461A22F9FF45F00B2A4E0 /* aes-background.js */; };
		480461BF2F9FF45F00B2A4E0 /* aes-shared.js in Resources */ = {isa = PBXBuildFile; fileRef = 480461A32F9FF45F00B2A4E0 /* aes-shared.js */; };
		480461C02F9FF45F00B2A4E0 /* CHANGELOG.md in Resources */ = {isa = PBXBuildFile; fileRef = 480461A42F9FF45F00B2A4E0 /* CHANGELOG.md */; };
		480461C12F9FF45F00B2A4E0 /* content-tabs.js in Resources */ = {isa = PBXBuildFile; fileRef = 480461A52F9FF45F00B2A4E0 /* content-tabs.js */; };
		480461C22F9FF45F00B2A4E0 /* aes-phone-links.js in Resources */ = {isa = PBXBuildFile; fileRef = 480461A62F9FF45F00B2A4E0 /* aes-phone-links.js */; };
		480461C32F9FF45F00B2A4E0 /* content-simple.legacy.js in Resources */ = {isa = PBXBuildFile; fileRef = 480461A72F9FF45F00B2A4E0 /* content-simple.legacy.js */; };
		480461C42F9FF45F00B2A4E0 /* README.md in Resources */ = {isa = PBXBuildFile; fileRef = 480461A82F9FF45F00B2A4E0 /* README.md */; };
		480461C52F9FF45F00B2A4E0 /* RELEASE.md in Resources */ = {isa = PBXBuildFile; fileRef = 480461A92F9FF45F00B2A4E0 /* RELEASE.md */; };
		480461C62F9FF45F00B2A4E0 /* aes-iframe-bridge.js in Resources */ = {isa = PBXBuildFile; fileRef = 480461AA2F9FF45F00B2A4E0 /* aes-iframe-bridge.js */; };
		480461C72F9FF45F00B2A4E0 /* icons in Resources */ = {isa = PBXBuildFile; fileRef = 480461AB2F9FF45F00B2A4E0 /* icons */; };
		480461C82F9FF45F00B2A4E0 /* manifest.json in Resources */ = {isa = PBXBuildFile; fileRef = 480461AC2F9FF45F00B2A4E0 /* manifest.json */; };
/* End PBXBuildFile section */

/* Begin PBXContainerItemProxy section */
		480461722F9FF45F00B2A4E0 /* PBXContainerItemProxy */ = {
			isa = PBXContainerItemProxy;
			containerPortal = 4804613F2F9FF45E00B2A4E0 /* Project object */;
			proxyType = 1;
			remoteGlobalIDString = 4804616F2F9FF45F00B2A4E0;
			remoteInfo = "Autotask Enhancement Suite Extension (iOS)";
		};
		4804617C2F9FF45F00B2A4E0 /* PBXContainerItemProxy */ = {
			isa = PBXContainerItemProxy;
			containerPortal = 4804613F2F9FF45E00B2A4E0 /* Project object */;
			proxyType = 1;
			remoteGlobalIDString = 480461792F9FF45F00B2A4E0;
			remoteInfo = "Autotask Enhancement Suite Extension (macOS)";
		};
/* End PBXContainerItemProxy section */

/* Begin PBXCopyFilesBuildPhase section */
		480461932F9FF45F00B2A4E0 /* Embed Foundation Extensions */ = {
			isa = PBXCopyFilesBuildPhase;
			buildActionMask = 2147483647;
			dstPath = "";
			dstSubfolderSpec = 13;
			files = (
				480461712F9FF45F00B2A4E0 /* Autotask Enhancement Suite Extension.appex in Embed Foundation Extensions */,
			);
			name = "Embed Foundation Extensions";
			runOnlyForDeploymentPostprocessing = 0;
		};
		4804619A2F9FF45F00B2A4E0 /* Embed Foundation Extensions */ = {
			isa = PBXCopyFilesBuildPhase;
			buildActionMask = 2147483647;
			dstPath = "";
			dstSubfolderSpec = 13;
			files = (
				4804617B2F9FF45F00B2A4E0 /* Autotask Enhancement Suite Extension.appex in Embed Foundation Extensions */,
			);
			name = "Embed Foundation Extensions";
			runOnlyForDeploymentPostprocessing = 0;
		};
/* End PBXCopyFilesBuildPhase section */

/* Begin PBXFileReference section */
		480461462F9FF45E00B2A4E0 /* Base */ = {isa = PBXFileReference; lastKnownFileType = text.html; name = Base; path = Base.lproj/Main.html; sourceTree = "<group>"; };
		480461472F9FF45E00B2A4E0 /* Icon.png */ = {isa = PBXFileReference; lastKnownFileType = image.png; path = Icon.png; sourceTree = "<group>"; };
		480461482F9FF45E00B2A4E0 /* Style.css */ = {isa = PBXFileReference; lastKnownFileType = text.css; path = Style.css; sourceTree = "<group>"; };
		480461492F9FF45E00B2A4E0 /* Script.js */ = {isa = PBXFileReference; lastKnownFileType = sourcecode.javascript; path = Script.js; sourceTree = "<group>"; };
		4804614A2F9FF45E00B2A4E0 /* ViewController.swift */ = {isa = PBXFileReference; lastKnownFileType = sourcecode.swift; path = ViewController.swift; sourceTree = "<group>"; };
		4804614B2F9FF45F00B2A4E0 /* Assets.xcassets */ = {isa = PBXFileReference; lastKnownFileType = folder.assetcatalog; path = Assets.xcassets; sourceTree = "<group>"; };
		4804614D2F9FF45F00B2A4E0 /* SafariWebExtensionHandler.swift */ = {isa = PBXFileReference; lastKnownFileType = sourcecode.swift; path = SafariWebExtensionHandler.swift; sourceTree = "<group>"; };
		480461522F9FF45F00B2A4E0 /* Autotask Enhancement Suite.app */ = {isa = PBXFileReference; explicitFileType = wrapper.application; includeInIndex = 0; path = "Autotask Enhancement Suite.app"; sourceTree = BUILT_PRODUCTS_DIR; };
		480461552F9FF45F00B2A4E0 /* AppDelegate.swift */ = {isa = PBXFileReference; lastKnownFileType = sourcecode.swift; path = AppDelegate.swift; sourceTree = "<group>"; };
		480461572F9FF45F00B2A4E0 /* SceneDelegate.swift */ = {isa = PBXFileReference; lastKnownFileType = sourcecode.swift; path = SceneDelegate.swift; sourceTree = "<group>"; };
		4804615A2F9FF45F00B2A4E0 /* Base */ = {isa = PBXFileReference; lastKnownFileType = file.storyboard; name = Base; path = Base.lproj/LaunchScreen.storyboard; sourceTree = "<group>"; };
		4804615D2F9FF45F00B2A4E0 /* Base */ = {isa = PBXFileReference; lastKnownFileType = file.storyboard; name = Base; path = Base.lproj/Main.storyboard; sourceTree = "<group>"; };
		4804615F2F9FF45F00B2A4E0 /* Info.plist */ = {isa = PBXFileReference; lastKnownFileType = text.plist.xml; path = Info.plist; sourceTree = "<group>"; };
		480461642F9FF45F00B2A4E0 /* Autotask Enhancement Suite.app */ = {isa = PBXFileReference; explicitFileType = wrapper.application; includeInIndex = 0; path = "Autotask Enhancement Suite.app"; sourceTree = BUILT_PRODUCTS_DIR; };
		480461662F9FF45F00B2A4E0 /* AppDelegate.swift */ = {isa = PBXFileReference; lastKnownFileType = sourcecode.swift; path = AppDelegate.swift; sourceTree = "<group>"; };
		480461692F9FF45F00B2A4E0 /* Base */ = {isa = PBXFileReference; lastKnownFileType = file.storyboard; name = Base; path = Base.lproj/Main.storyboard; sourceTree = "<group>"; };
		4804616B2F9FF45F00B2A4E0 /* Info.plist */ = {isa = PBXFileReference; lastKnownFileType = text.plist.xml; path = Info.plist; sourceTree = "<group>"; };
		480461702F9FF45F00B2A4E0 /* Autotask Enhancement Suite Extension.appex */ = {isa = PBXFileReference; explicitFileType = "wrapper.app-extension"; includeInIndex = 0; path = "Autotask Enhancement Suite Extension.appex"; sourceTree = BUILT_PRODUCTS_DIR; };
		480461752F9FF45F00B2A4E0 /* Info.plist */ = {isa = PBXFileReference; lastKnownFileType = text.plist.xml; path = Info.plist; sourceTree = "<group>"; };
		4804617A2F9FF45F00B2A4E0 /* Autotask Enhancement Suite Extension.appex */ = {isa = PBXFileReference; explicitFileType = "wrapper.app-extension"; includeInIndex = 0; path = "Autotask Enhancement Suite Extension.appex"; sourceTree = BUILT_PRODUCTS_DIR; };
		4804617F2F9FF45F00B2A4E0 /* Info.plist */ = {isa = PBXFileReference; lastKnownFileType = text.plist.xml; path = Info.plist; sourceTree = "<group>"; };
		4804619F2F9FF45F00B2A4E0 /* aes-shell.js */ = {isa = PBXFileReference; lastKnownFileType = sourcecode.javascript; name = "aes-shell.js"; path = "../../../chrome-extension/aes-shell.js"; sourceTree = "<group>"; };
		480461A02F9FF45F00B2A4E0 /* aes-storage.js */ = {isa = PBXFileReference; lastKnownFileType = sourcecode.javascript; name = "aes-storage.js"; path = "../../../chrome-extension/aes-storage.js"; sourceTree = "<group>"; };
		480461A12F9FF45F00B2A4E0 /* aes-page-bridge.js */ = {isa = PBXFileReference; lastKnownFileType = sourcecode.javascript; name = "aes-page-bridge.js"; path = "../../../chrome-extension/aes-page-bridge.js"; sourceTree = "<group>"; };
		480461A22F9FF45F00B2A4E0 /* aes-background.js */ = {isa = PBXFileReference; lastKnownFileType = sourcecode.javascript; name = "aes-background.js"; path = "../../../chrome-extension/aes-background.js"; sourceTree = "<group>"; };
		480461A32F9FF45F00B2A4E0 /* aes-shared.js */ = {isa = PBXFileReference; lastKnownFileType = sourcecode.javascript; name = "aes-shared.js"; path = "../../../chrome-extension/aes-shared.js"; sourceTree = "<group>"; };
		480461A42F9FF45F00B2A4E0 /* CHANGELOG.md */ = {isa = PBXFileReference; lastKnownFileType = net.daringfireball.markdown; name = CHANGELOG.md; path = "../../../chrome-extension/CHANGELOG.md"; sourceTree = "<group>"; };
		480461A52F9FF45F00B2A4E0 /* content-tabs.js */ = {isa = PBXFileReference; lastKnownFileType = sourcecode.javascript; name = "content-tabs.js"; path = "../../../chrome-extension/content-tabs.js"; sourceTree = "<group>"; };
		480461A62F9FF45F00B2A4E0 /* aes-phone-links.js */ = {isa = PBXFileReference; lastKnownFileType = sourcecode.javascript; name = "aes-phone-links.js"; path = "../../../chrome-extension/aes-phone-links.js"; sourceTree = "<group>"; };
		480461A72F9FF45F00B2A4E0 /* content-simple.legacy.js */ = {isa = PBXFileReference; lastKnownFileType = sourcecode.javascript; name = "content-simple.legacy.js"; path = "../../../chrome-extension/content-simple.legacy.js"; sourceTree = "<group>"; };
		480461A82F9FF45F00B2A4E0 /* README.md */ = {isa = PBXFileReference; lastKnownFileType = net.daringfireball.markdown; name = README.md; path = "../../../chrome-extension/README.md"; sourceTree = "<group>"; };
		480461A92F9FF45F00B2A4E0 /* RELEASE.md */ = {isa = PBXFileReference; lastKnownFileType = net.daringfireball.markdown; name = RELEASE.md; path = "../../../chrome-extension/RELEASE.md"; sourceTree = "<group>"; };
		480461AA2F9FF45F00B2A4E0 /* aes-iframe-bridge.js */ = {isa = PBXFileReference; lastKnownFileType = sourcecode.javascript; name = "aes-iframe-bridge.js"; path = "../../../chrome-extension/aes-iframe-bridge.js"; sourceTree = "<group>"; };
		480461AB2F9FF45F00B2A4E0 /* icons */ = {isa = PBXFileReference; lastKnownFileType = folder; name = icons; path = "../../../chrome-extension/icons"; sourceTree = "<group>"; };
		480461AC2F9FF45F00B2A4E0 /* manifest.json */ = {isa = PBXFileReference; lastKnownFileType = text.json; name = manifest.json; path = "../../../chrome-extension/manifest.json"; sourceTree = "<group>"; };
/* End PBXFileReference section */

/* Begin PBXFrameworksBuildPhase section */
		4804614F2F9FF45F00B2A4E0 /* Frameworks */ = {
			isa = PBXFrameworksBuildPhase;
			buildActionMask = 2147483647;
			files = (
			);
			runOnlyForDeploymentPostprocessing = 0;
		};
		480461612F9FF45F00B2A4E0 /* Frameworks */ = {
			isa = PBXFrameworksBuildPhase;
			buildActionMask = 2147483647;
			files = (
			);
			runOnlyForDeploymentPostprocessing = 0;
		};
		4804616D2F9FF45F00B2A4E0 /* Frameworks */ = {
			isa = PBXFrameworksBuildPhase;
			buildActionMask = 2147483647;
			files = (
			);
			runOnlyForDeploymentPostprocessing = 0;
		};
		480461772F9FF45F00B2A4E0 /* Frameworks */ = {
			isa = PBXFrameworksBuildPhase;
			buildActionMask = 2147483647;
			files = (
			);
			runOnlyForDeploymentPostprocessing = 0;
		};
/* End PBXFrameworksBuildPhase section */

/* Begin PBXGroup section */
		4804613E2F9FF45E00B2A4E0 = {
			isa = PBXGroup;
			children = (
				480461432F9FF45E00B2A4E0 /* Shared (App) */,
				4804614C2F9FF45F00B2A4E0 /* Shared (Extension) */,
				480461542F9FF45F00B2A4E0 /* iOS (App) */,
				480461652F9FF45F00B2A4E0 /* macOS (App) */,
				480461742F9FF45F00B2A4E0 /* iOS (Extension) */,
				4804617E2F9FF45F00B2A4E0 /* macOS (Extension) */,
				480461532F9FF45F00B2A4E0 /* Products */,
			);
			sourceTree = "<group>";
		};
		480461432F9FF45E00B2A4E0 /* Shared (App) */ = {
			isa = PBXGroup;
			children = (
				4804614A2F9FF45E00B2A4E0 /* ViewController.swift */,
				4804614B2F9FF45F00B2A4E0 /* Assets.xcassets */,
				480461442F9FF45E00B2A4E0 /* Resources */,
			);
			path = "Shared (App)";
			sourceTree = "<group>";
		};
		480461442F9FF45E00B2A4E0 /* Resources */ = {
			isa = PBXGroup;
			children = (
				480461452F9FF45E00B2A4E0 /* Main.html */,
				480461472F9FF45E00B2A4E0 /* Icon.png */,
				480461482F9FF45E00B2A4E0 /* Style.css */,
				480461492F9FF45E00B2A4E0 /* Script.js */,
			);
			path = Resources;
			sourceTree = "<group>";
		};
		4804614C2F9FF45F00B2A4E0 /* Shared (Extension) */ = {
			isa = PBXGroup;
			children = (
				4804619E2F9FF45F00B2A4E0 /* Resources */,
				4804614D2F9FF45F00B2A4E0 /* SafariWebExtensionHandler.swift */,
			);
			path = "Shared (Extension)";
			sourceTree = "<group>";
		};
		480461532F9FF45F00B2A4E0 /* Products */ = {
			isa = PBXGroup;
			children = (
				480461522F9FF45F00B2A4E0 /* Autotask Enhancement Suite.app */,
				480461642F9FF45F00B2A4E0 /* Autotask Enhancement Suite.app */,
				480461702F9FF45F00B2A4E0 /* Autotask Enhancement Suite Extension.appex */,
				4804617A2F9FF45F00B2A4E0 /* Autotask Enhancement Suite Extension.appex */,
			);
			name = Products;
			sourceTree = "<group>";
		};
		480461542F9FF45F00B2A4E0 /* iOS (App) */ = {
			isa = PBXGroup;
			children = (
				480461552F9FF45F00B2A4E0 /* AppDelegate.swift */,
				480461572F9FF45F00B2A4E0 /* SceneDelegate.swift */,
				480461592F9FF45F00B2A4E0 /* LaunchScreen.storyboard */,
				4804615C2F9FF45F00B2A4E0 /* Main.storyboard */,
				4804615F2F9FF45F00B2A4E0 /* Info.plist */,
			);
			path = "iOS (App)";
			sourceTree = "<group>";
		};
		480461652F9FF45F00B2A4E0 /* macOS (App) */ = {
			isa = PBXGroup;
			children = (
				480461662F9FF45F00B2A4E0 /* AppDelegate.swift */,
				480461682F9FF45F00B2A4E0 /* Main.storyboard */,
				4804616B2F9FF45F00B2A4E0 /* Info.plist */,
			);
			path = "macOS (App)";
			sourceTree = "<group>";
		};
		480461742F9FF45F00B2A4E0 /* iOS (Extension) */ = {
			isa = PBXGroup;
			children = (
				480461752F9FF45F00B2A4E0 /* Info.plist */,
			);
			path = "iOS (Extension)";
			sourceTree = "<group>";
		};
		4804617E2F9FF45F00B2A4E0 /* macOS (Extension) */ = {
			isa = PBXGroup;
			children = (
				4804617F2F9FF45F00B2A4E0 /* Info.plist */,
			);
			path = "macOS (Extension)";
			sourceTree = "<group>";
		};
		4804619E2F9FF45F00B2A4E0 /* Resources */ = {
			isa = PBXGroup;
			children = (
				4804619F2F9FF45F00B2A4E0 /* aes-shell.js */,
				480461A02F9FF45F00B2A4E0 /* aes-storage.js */,
				480461A12F9FF45F00B2A4E0 /* aes-page-bridge.js */,
				480461A22F9FF45F00B2A4E0 /* aes-background.js */,
				480461A32F9FF45F00B2A4E0 /* aes-shared.js */,
				480461A42F9FF45F00B2A4E0 /* CHANGELOG.md */,
				480461A52F9FF45F00B2A4E0 /* content-tabs.js */,
				480461A62F9FF45F00B2A4E0 /* aes-phone-links.js */,
				480461A72F9FF45F00B2A4E0 /* content-simple.legacy.js */,
				480461A82F9FF45F00B2A4E0 /* README.md */,
				480461A92F9FF45F00B2A4E0 /* RELEASE.md */,
				480461AA2F9FF45F00B2A4E0 /* aes-iframe-bridge.js */,
				480461AB2F9FF45F00B2A4E0 /* icons */,
				480461AC2F9FF45F00B2A4E0 /* manifest.json */,
			);
			name = Resources;
			path = "Shared (Extension)";
			sourceTree = SOURCE_ROOT;
		};
/* End PBXGroup section */

/* Begin PBXNativeTarget section */
		480461512F9FF45F00B2A4E0 /* Autotask Enhancement Suite (iOS) */ = {
			isa = PBXNativeTarget;
			buildConfigurationList = 480461942F9FF45F00B2A4E0 /* Build configuration list for PBXNativeTarget "Autotask Enhancement Suite (iOS)" */;
			buildPhases = (
				4804614E2F9FF45F00B2A4E0 /* Sources */,
				4804614F2F9FF45F00B2A4E0 /* Frameworks */,
				480461502F9FF45F00B2A4E0 /* Resources */,
				480461932F9FF45F00B2A4E0 /* Embed Foundation Extensions */,
			);
			buildRules = (
			);
			dependencies = (
				480461732F9FF45F00B2A4E0 /* PBXTargetDependency */,
			);
			name = "Autotask Enhancement Suite (iOS)";
			packageProductDependencies = (
			);
			productName = "Autotask Enhancement Suite (iOS)";
			productReference = 480461522F9FF45F00B2A4E0 /* Autotask Enhancement Suite.app */;
			productType = "com.apple.product-type.application";
		};
		480461632F9FF45F00B2A4E0 /* Autotask Enhancement Suite (macOS) */ = {
			isa = PBXNativeTarget;
			buildConfigurationList = 4804619B2F9FF45F00B2A4E0 /* Build configuration list for PBXNativeTarget "Autotask Enhancement Suite (macOS)" */;
			buildPhases = (
				480461602F9FF45F00B2A4E0 /* Sources */,
				480461612F9FF45F00B2A4E0 /* Frameworks */,
				480461622F9FF45F00B2A4E0 /* Resources */,
				4804619A2F9FF45F00B2A4E0 /* Embed Foundation Extensions */,
			);
			buildRules = (
			);
			dependencies = (
				4804617D2F9FF45F00B2A4E0 /* PBXTargetDependency */,
			);
			name = "Autotask Enhancement Suite (macOS)";
			packageProductDependencies = (
			);
			productName = "Autotask Enhancement Suite (macOS)";
			productReference = 480461642F9FF45F00B2A4E0 /* Autotask Enhancement Suite.app */;
			productType = "com.apple.product-type.application";
		};
		4804616F2F9FF45F00B2A4E0 /* Autotask Enhancement Suite Extension (iOS) */ = {
			isa = PBXNativeTarget;
			buildConfigurationList = 480461902F9FF45F00B2A4E0 /* Build configuration list for PBXNativeTarget "Autotask Enhancement Suite Extension (iOS)" */;
			buildPhases = (
				4804616C2F9FF45F00B2A4E0 /* Sources */,
				4804616D2F9FF45F00B2A4E0 /* Frameworks */,
				4804616E2F9FF45F00B2A4E0 /* Resources */,
			);
			buildRules = (
			);
			dependencies = (
			);
			name = "Autotask Enhancement Suite Extension (iOS)";
			packageProductDependencies = (
			);
			productName = "Autotask Enhancement Suite Extension (iOS)";
			productReference = 480461702F9FF45F00B2A4E0 /* Autotask Enhancement Suite Extension.appex */;
			productType = "com.apple.product-type.app-extension";
		};
		480461792F9FF45F00B2A4E0 /* Autotask Enhancement Suite Extension (macOS) */ = {
			isa = PBXNativeTarget;
			buildConfigurationList = 480461972F9FF45F00B2A4E0 /* Build configuration list for PBXNativeTarget "Autotask Enhancement Suite Extension (macOS)" */;
			buildPhases = (
				480461762F9FF45F00B2A4E0 /* Sources */,
				480461772F9FF45F00B2A4E0 /* Frameworks */,
				480461782F9FF45F00B2A4E0 /* Resources */,
			);
			buildRules = (
			);
			dependencies = (
			);
			name = "Autotask Enhancement Suite Extension (macOS)";
			packageProductDependencies = (
			);
			productName = "Autotask Enhancement Suite Extension (macOS)";
			productReference = 4804617A2F9FF45F00B2A4E0 /* Autotask Enhancement Suite Extension.appex */;
			productType = "com.apple.product-type.app-extension";
		};
/* End PBXNativeTarget section */

/* Begin PBXProject section */
		4804613F2F9FF45E00B2A4E0 /* Project object */ = {
			isa = PBXProject;
			attributes = {
				BuildIndependentTargetsInParallel = 1;
				LastSwiftUpdateCheck = 2640;
				LastUpgradeCheck = 2640;
				TargetAttributes = {
					480461512F9FF45F00B2A4E0 = {
						CreatedOnToolsVersion = 26.4.1;
					};
					480461632F9FF45F00B2A4E0 = {
						CreatedOnToolsVersion = 26.4.1;
					};
					4804616F2F9FF45F00B2A4E0 = {
						CreatedOnToolsVersion = 26.4.1;
					};
					480461792F9FF45F00B2A4E0 = {
						CreatedOnToolsVersion = 26.4.1;
					};
				};
			};
			buildConfigurationList = 480461422F9FF45E00B2A4E0 /* Build configuration list for PBXProject "Autotask Enhancement Suite" */;
			developmentRegion = en;
			hasScannedForEncodings = 0;
			knownRegions = (
				en,
				Base,
			);
			mainGroup = 4804613E2F9FF45E00B2A4E0;
			minimizedProjectReferenceProxies = 1;
			preferredProjectObjectVersion = 77;
			productRefGroup = 480461532F9FF45F00B2A4E0 /* Products */;
			projectDirPath = "";
			projectRoot = "";
			targets = (
				480461512F9FF45F00B2A4E0 /* Autotask Enhancement Suite (iOS) */,
				480461632F9FF45F00B2A4E0 /* Autotask Enhancement Suite (macOS) */,
				4804616F2F9FF45F00B2A4E0 /* Autotask Enhancement Suite Extension (iOS) */,
				480461792F9FF45F00B2A4E0 /* Autotask Enhancement Suite Extension (macOS) */,
			);
		};
/* End PBXProject section */

/* Begin PBXResourcesBuildPhase section */
		480461502F9FF45F00B2A4E0 /* Resources */ = {
			isa = PBXResourcesBuildPhase;
			buildActionMask = 2147483647;
			files = (
				480461822F9FF45F00B2A4E0 /* Icon.png in Resources */,
				4804615B2F9FF45F00B2A4E0 /* LaunchScreen.storyboard in Resources */,
				480461802F9FF45F00B2A4E0 /* Main.html in Resources */,
				480461862F9FF45F00B2A4E0 /* Script.js in Resources */,
				4804618A2F9FF45F00B2A4E0 /* Assets.xcassets in Resources */,
				4804615E2F9FF45F00B2A4E0 /* Main.storyboard in Resources */,
				480461842F9FF45F00B2A4E0 /* Style.css in Resources */,
			);
			runOnlyForDeploymentPostprocessing = 0;
		};
		480461622F9FF45F00B2A4E0 /* Resources */ = {
			isa = PBXResourcesBuildPhase;
			buildActionMask = 2147483647;
			files = (
				480461832F9FF45F00B2A4E0 /* Icon.png in Resources */,
				480461852F9FF45F00B2A4E0 /* Style.css in Resources */,
				4804616A2F9FF45F00B2A4E0 /* Main.storyboard in Resources */,
				480461872F9FF45F00B2A4E0 /* Script.js in Resources */,
				4804618B2F9FF45F00B2A4E0 /* Assets.xcassets in Resources */,
				480461812F9FF45F00B2A4E0 /* Main.html in Resources */,
			);
			runOnlyForDeploymentPostprocessing = 0;
		};
		4804616E2F9FF45F00B2A4E0 /* Resources */ = {
			isa = PBXResourcesBuildPhase;
			buildActionMask = 2147483647;
			files = (
				480461C12F9FF45F00B2A4E0 /* content-tabs.js in Resources */,
				480461BF2F9FF45F00B2A4E0 /* aes-shared.js in Resources */,
				480461C42F9FF45F00B2A4E0 /* README.md in Resources */,
				480461C62F9FF45F00B2A4E0 /* aes-iframe-bridge.js in Resources */,
				480461C02F9FF45F00B2A4E0 /* CHANGELOG.md in Resources */,
				480461C52F9FF45F00B2A4E0 /* RELEASE.md in Resources */,
				480461C22F9FF45F00B2A4E0 /* aes-phone-links.js in Resources */,
				480461C32F9FF45F00B2A4E0 /* content-simple.legacy.js in Resources */,
				480461C82F9FF45F00B2A4E0 /* manifest.json in Resources */,
				480461BC2F9FF45F00B2A4E0 /* aes-storage.js in Resources */,
				480461BD2F9FF45F00B2A4E0 /* aes-page-bridge.js in Resources */,
				480461BE2F9FF45F00B2A4E0 /* aes-background.js in Resources */,
				480461BB2F9FF45F00B2A4E0 /* aes-shell.js in Resources */,
				480461C72F9FF45F00B2A4E0 /* icons in Resources */,
			);
			runOnlyForDeploymentPostprocessing = 0;
		};
		480461782F9FF45F00B2A4E0 /* Resources */ = {
			isa = PBXResourcesBuildPhase;
			buildActionMask = 2147483647;
			files = (
				480461B32F9FF45F00B2A4E0 /* content-tabs.js in Resources */,
				480461B12F9FF45F00B2A4E0 /* aes-shared.js in Resources */,
				480461B62F9FF45F00B2A4E0 /* README.md in Resources */,
				480461B82F9FF45F00B2A4E0 /* aes-iframe-bridge.js in Resources */,
				480461B22F9FF45F00B2A4E0 /* CHANGELOG.md in Resources */,
				480461B72F9FF45F00B2A4E0 /* RELEASE.md in Resources */,
				480461B42F9FF45F00B2A4E0 /* aes-phone-links.js in Resources */,
				480461B52F9FF45F00B2A4E0 /* content-simple.legacy.js in Resources */,
				480461BA2F9FF45F00B2A4E0 /* manifest.json in Resources */,
				480461AE2F9FF45F00B2A4E0 /* aes-storage.js in Resources */,
				480461AF2F9FF45F00B2A4E0 /* aes-page-bridge.js in Resources */,
				480461B02F9FF45F00B2A4E0 /* aes-background.js in Resources */,
				480461AD2F9FF45F00B2A4E0 /* aes-shell.js in Resources */,
				480461B92F9FF45F00B2A4E0 /* icons in Resources */,
			);
			runOnlyForDeploymentPostprocessing = 0;
		};
/* End PBXResourcesBuildPhase section */

/* Begin PBXSourcesBuildPhase section */
		4804614E2F9FF45F00B2A4E0 /* Sources */ = {
			isa = PBXSourcesBuildPhase;
			buildActionMask = 2147483647;
			files = (
				480461882F9FF45F00B2A4E0 /* ViewController.swift in Sources */,
				480461562F9FF45F00B2A4E0 /* AppDelegate.swift in Sources */,
				480461582F9FF45F00B2A4E0 /* SceneDelegate.swift in Sources */,
			);
			runOnlyForDeploymentPostprocessing = 0;
		};
		480461602F9FF45F00B2A4E0 /* Sources */ = {
			isa = PBXSourcesBuildPhase;
			buildActionMask = 2147483647;
			files = (
				480461892F9FF45F00B2A4E0 /* ViewController.swift in Sources */,
				480461672F9FF45F00B2A4E0 /* AppDelegate.swift in Sources */,
			);
			runOnlyForDeploymentPostprocessing = 0;
		};
		4804616C2F9FF45F00B2A4E0 /* Sources */ = {
			isa = PBXSourcesBuildPhase;
			buildActionMask = 2147483647;
			files = (
				4804618C2F9FF45F00B2A4E0 /* SafariWebExtensionHandler.swift in Sources */,
			);
			runOnlyForDeploymentPostprocessing = 0;
		};
		480461762F9FF45F00B2A4E0 /* Sources */ = {
			isa = PBXSourcesBuildPhase;
			buildActionMask = 2147483647;
			files = (
				4804618D2F9FF45F00B2A4E0 /* SafariWebExtensionHandler.swift in Sources */,
			);
			runOnlyForDeploymentPostprocessing = 0;
		};
/* End PBXSourcesBuildPhase section */

/* Begin PBXTargetDependency section */
		480461732F9FF45F00B2A4E0 /* PBXTargetDependency */ = {
			isa = PBXTargetDependency;
			target = 4804616F2F9FF45F00B2A4E0 /* Autotask Enhancement Suite Extension (iOS) */;
			targetProxy = 480461722F9FF45F00B2A4E0 /* PBXContainerItemProxy */;
		};
		4804617D2F9FF45F00B2A4E0 /* PBXTargetDependency */ = {
			isa = PBXTargetDependency;
			target = 480461792F9FF45F00B2A4E0 /* Autotask Enhancement Suite Extension (macOS) */;
			targetProxy = 4804617C2F9FF45F00B2A4E0 /* PBXContainerItemProxy */;
		};
/* End PBXTargetDependency section */

/* Begin PBXVariantGroup section */
		480461452F9FF45E00B2A4E0 /* Main.html */ = {
			isa = PBXVariantGroup;
			children = (
				480461462F9FF45E00B2A4E0 /* Base */,
			);
			name = Main.html;
			sourceTree = "<group>";
		};
		480461592F9FF45F00B2A4E0 /* LaunchScreen.storyboard */ = {
			isa = PBXVariantGroup;
			children = (
				4804615A2F9FF45F00B2A4E0 /* Base */,
			);
			name = LaunchScreen.storyboard;
			sourceTree = "<group>";
		};
		4804615C2F9FF45F00B2A4E0 /* Main.storyboard */ = {
			isa = PBXVariantGroup;
			children = (
				4804615D2F9FF45F00B2A4E0 /* Base */,
			);
			name = Main.storyboard;
			sourceTree = "<group>";
		};
		480461682F9FF45F00B2A4E0 /* Main.storyboard */ = {
			isa = PBXVariantGroup;
			children = (
				480461692F9FF45F00B2A4E0 /* Base */,
			);
			name = Main.storyboard;
			sourceTree = "<group>";
		};
/* End PBXVariantGroup section */

/* Begin XCBuildConfiguration section */
		4804618E2F9FF45F00B2A4E0 /* Debug */ = {
			isa = XCBuildConfiguration;
			buildSettings = {
				ALWAYS_SEARCH_USER_PATHS = NO;
				ASSETCATALOG_COMPILER_GENERATE_SWIFT_ASSET_SYMBOL_EXTENSIONS = YES;
				CLANG_ANALYZER_NONNULL = YES;
				CLANG_ANALYZER_NUMBER_OBJECT_CONVERSION = YES_AGGRESSIVE;
				CLANG_CXX_LANGUAGE_STANDARD = "gnu++20";
				CLANG_ENABLE_MODULES = YES;
				CLANG_ENABLE_OBJC_ARC = YES;
				CLANG_ENABLE_OBJC_WEAK = YES;
				CLANG_WARN_BLOCK_CAPTURE_AUTORELEASING = YES;
				CLANG_WARN_BOOL_CONVERSION = YES;
				CLANG_WARN_COMMA = YES;
				CLANG_WARN_CONSTANT_CONVERSION = YES;
				CLANG_WARN_DEPRECATED_OBJC_IMPLEMENTATIONS = YES;
				CLANG_WARN_DIRECT_OBJC_ISA_USAGE = YES_ERROR;
				CLANG_WARN_DOCUMENTATION_COMMENTS = YES;
				CLANG_WARN_EMPTY_BODY = YES;
				CLANG_WARN_ENUM_CONVERSION = YES;
				CLANG_WARN_INFINITE_RECURSION = YES;
				CLANG_WARN_INT_CONVERSION = YES;
				CLANG_WARN_NON_LITERAL_NULL_CONVERSION = YES;
				CLANG_WARN_OBJC_IMPLICIT_RETAIN_SELF = YES;
				CLANG_WARN_OBJC_LITERAL_CONVERSION = YES;
				CLANG_WARN_OBJC_ROOT_CLASS = YES_ERROR;
				CLANG_WARN_QUOTED_INCLUDE_IN_FRAMEWORK_HEADER = YES;
				CLANG_WARN_RANGE_LOOP_ANALYSIS = YES;
				CLANG_WARN_STRICT_PROTOTYPES = YES;
				CLANG_WARN_SUSPICIOUS_MOVE = YES;
				CLANG_WARN_UNGUARDED_AVAILABILITY = YES_AGGRESSIVE;
				CLANG_WARN_UNREACHABLE_CODE = YES;
				CLANG_WARN__DUPLICATE_METHOD_MATCH = YES;
				COPY_PHASE_STRIP = NO;
				DEBUG_INFORMATION_FORMAT = dwarf;
				ENABLE_STRICT_OBJC_MSGSEND = YES;
				ENABLE_TESTABILITY = YES;
				ENABLE_USER_SCRIPT_SANDBOXING = YES;
				GCC_C_LANGUAGE_STANDARD = gnu17;
				GCC_DYNAMIC_NO_PIC = NO;
				GCC_NO_COMMON_BLOCKS = YES;
				GCC_OPTIMIZATION_LEVEL = 0;
				GCC_PREPROCESSOR_DEFINITIONS = (
					"DEBUG=1",
					"$(inherited)",
				);
				GCC_WARN_64_TO_32_BIT_CONVERSION = YES;
				GCC_WARN_ABOUT_RETURN_TYPE = YES_ERROR;
				GCC_WARN_UNDECLARED_SELECTOR = YES;
				GCC_WARN_UNINITIALIZED_AUTOS = YES_AGGRESSIVE;
				GCC_WARN_UNUSED_FUNCTION = YES;
				GCC_WARN_UNUSED_VARIABLE = YES;
				LOCALIZATION_PREFERS_STRING_CATALOGS = YES;
				MTL_ENABLE_DEBUG_INFO = INCLUDE_SOURCE;
				MTL_FAST_MATH = YES;
				ONLY_ACTIVE_ARCH = YES;
				SWIFT_ACTIVE_COMPILATION_CONDITIONS = "DEBUG $(inherited)";
				SWIFT_OPTIMIZATION_LEVEL = "-Onone";
			};
			name = Debug;
		};
		4804618F2F9FF45F00B2A4E0 /* Release */ = {
			isa = XCBuildConfiguration;
			buildSettings = {
				ALWAYS_SEARCH_USER_PATHS = NO;
				ASSETCATALOG_COMPILER_GENERATE_SWIFT_ASSET_SYMBOL_EXTENSIONS = YES;
				CLANG_ANALYZER_NONNULL = YES;
				CLANG_ANALYZER_NUMBER_OBJECT_CONVERSION = YES_AGGRESSIVE;
				CLANG_CXX_LANGUAGE_STANDARD = "gnu++20";
				CLANG_ENABLE_MODULES = YES;
				CLANG_ENABLE_OBJC_ARC = YES;
				CLANG_ENABLE_OBJC_WEAK = YES;
				CLANG_WARN_BLOCK_CAPTURE_AUTORELEASING = YES;
				CLANG_WARN_BOOL_CONVERSION = YES;
				CLANG_WARN_COMMA = YES;
				CLANG_WARN_CONSTANT_CONVERSION = YES;
				CLANG_WARN_DEPRECATED_OBJC_IMPLEMENTATIONS = YES;
				CLANG_WARN_DIRECT_OBJC_ISA_USAGE = YES_ERROR;
				CLANG_WARN_DOCUMENTATION_COMMENTS = YES;
				CLANG_WARN_EMPTY_BODY = YES;
				CLANG_WARN_ENUM_CONVERSION = YES;
				CLANG_WARN_INFINITE_RECURSION = YES;
				CLANG_WARN_INT_CONVERSION = YES;
				CLANG_WARN_NON_LITERAL_NULL_CONVERSION = YES;
				CLANG_WARN_OBJC_IMPLICIT_RETAIN_SELF = YES;
				CLANG_WARN_OBJC_LITERAL_CONVERSION = YES;
				CLANG_WARN_OBJC_ROOT_CLASS = YES_ERROR;
				CLANG_WARN_QUOTED_INCLUDE_IN_FRAMEWORK_HEADER = YES;
				CLANG_WARN_RANGE_LOOP_ANALYSIS = YES;
				CLANG_WARN_STRICT_PROTOTYPES = YES;
				CLANG_WARN_SUSPICIOUS_MOVE = YES;
				CLANG_WARN_UNGUARDED_AVAILABILITY = YES_AGGRESSIVE;
				CLANG_WARN_UNREACHABLE_CODE = YES;
				CLANG_WARN__DUPLICATE_METHOD_MATCH = YES;
				COPY_PHASE_STRIP = NO;
				DEBUG_INFORMATION_FORMAT = "dwarf-with-dsym";
				ENABLE_NS_ASSERTIONS = NO;
				ENABLE_STRICT_OBJC_MSGSEND = YES;
				ENABLE_USER_SCRIPT_SANDBOXING = YES;
				GCC_C_LANGUAGE_STANDARD = gnu17;
				GCC_NO_COMMON_BLOCKS = YES;
				GCC_WARN_64_TO_32_BIT_CONVERSION = YES;
				GCC_WARN_ABOUT_RETURN_TYPE = YES_ERROR;
				GCC_WARN_UNDECLARED_SELECTOR = YES;
				GCC_WARN_UNINITIALIZED_AUTOS = YES_AGGRESSIVE;
				GCC_WARN_UNUSED_FUNCTION = YES;
				GCC_WARN_UNUSED_VARIABLE = YES;
				LOCALIZATION_PREFERS_STRING_CATALOGS = YES;
				MTL_ENABLE_DEBUG_INFO = NO;
				MTL_FAST_MATH = YES;
				SWIFT_COMPILATION_MODE = wholemodule;
			};
			name = Release;
		};
		480461912F9FF45F00B2A4E0 /* Debug */ = {
			isa = XCBuildConfiguration;
			buildSettings = {
				CODE_SIGN_STYLE = Automatic;
				CURRENT_PROJECT_VERSION = 1;
				GENERATE_INFOPLIST_FILE = YES;
				INFOPLIST_FILE = "iOS (Extension)/Info.plist";
				INFOPLIST_KEY_CFBundleDisplayName = "Autotask Enhancement Suite Extension";
				INFOPLIST_KEY_NSHumanReadableCopyright = "";
				IPHONEOS_DEPLOYMENT_TARGET = 15.0;
				LD_RUNPATH_SEARCH_PATHS = (
					"$(inherited)",
					"@executable_path/Frameworks",
					"@executable_path/../../Frameworks",
				);
				MARKETING_VERSION = 1.0;
				OTHER_LDFLAGS = (
					"-framework",
					SafariServices,
				);
				PRODUCT_BUNDLE_IDENTIFIER = nl.quintenvannoorloos.aes.Extension;
				PRODUCT_NAME = "Autotask Enhancement Suite Extension";
				SDKROOT = iphoneos;
				SKIP_INSTALL = YES;
				STRING_CATALOG_GENERATE_SYMBOLS = YES;
				SWIFT_APPROACHABLE_CONCURRENCY = YES;
				SWIFT_EMIT_LOC_STRINGS = YES;
				SWIFT_UPCOMING_FEATURE_MEMBER_IMPORT_VISIBILITY = YES;
				SWIFT_VERSION = 5.0;
				TARGETED_DEVICE_FAMILY = "1,2";
			};
			name = Debug;
		};
		480461922F9FF45F00B2A4E0 /* Release */ = {
			isa = XCBuildConfiguration;
			buildSettings = {
				CODE_SIGN_STYLE = Automatic;
				CURRENT_PROJECT_VERSION = 1;
				GENERATE_INFOPLIST_FILE = YES;
				INFOPLIST_FILE = "iOS (Extension)/Info.plist";
				INFOPLIST_KEY_CFBundleDisplayName = "Autotask Enhancement Suite Extension";
				INFOPLIST_KEY_NSHumanReadableCopyright = "";
				IPHONEOS_DEPLOYMENT_TARGET = 15.0;
				LD_RUNPATH_SEARCH_PATHS = (
					"$(inherited)",
					"@executable_path/Frameworks",
					"@executable_path/../../Frameworks",
				);
				MARKETING_VERSION = 1.0;
				OTHER_LDFLAGS = (
					"-framework",
					SafariServices,
				);
				PRODUCT_BUNDLE_IDENTIFIER = nl.quintenvannoorloos.aes.Extension;
				PRODUCT_NAME = "Autotask Enhancement Suite Extension";
				SDKROOT = iphoneos;
				SKIP_INSTALL = YES;
				STRING_CATALOG_GENERATE_SYMBOLS = YES;
				SWIFT_APPROACHABLE_CONCURRENCY = YES;
				SWIFT_EMIT_LOC_STRINGS = YES;
				SWIFT_UPCOMING_FEATURE_MEMBER_IMPORT_VISIBILITY = YES;
				SWIFT_VERSION = 5.0;
				TARGETED_DEVICE_FAMILY = "1,2";
				VALIDATE_PRODUCT = YES;
			};
			name = Release;
		};
		480461952F9FF45F00B2A4E0 /* Debug */ = {
			isa = XCBuildConfiguration;
			buildSettings = {
				ASSETCATALOG_COMPILER_APPICON_NAME = AppIcon;
				ASSETCATALOG_COMPILER_GLOBAL_ACCENT_COLOR_NAME = AccentColor;
				CODE_SIGN_STYLE = Automatic;
				CURRENT_PROJECT_VERSION = 1;
				GENERATE_INFOPLIST_FILE = YES;
				INFOPLIST_FILE = "iOS (App)/Info.plist";
				INFOPLIST_KEY_CFBundleDisplayName = "Autotask Enhancement Suite";
				INFOPLIST_KEY_UIApplicationSupportsIndirectInputEvents = YES;
				INFOPLIST_KEY_UILaunchStoryboardName = LaunchScreen;
				INFOPLIST_KEY_UIMainStoryboardFile = Main;
				INFOPLIST_KEY_UISupportedInterfaceOrientations = "UIInterfaceOrientationPortrait UIInterfaceOrientationLandscapeLeft UIInterfaceOrientationLandscapeRight";
				INFOPLIST_KEY_UISupportedInterfaceOrientations_iPad = "UIInterfaceOrientationPortrait UIInterfaceOrientationPortraitUpsideDown UIInterfaceOrientationLandscapeLeft UIInterfaceOrientationLandscapeRight";
				IPHONEOS_DEPLOYMENT_TARGET = 15.0;
				LD_RUNPATH_SEARCH_PATHS = (
					"$(inherited)",
					"@executable_path/Frameworks",
				);
				MARKETING_VERSION = 1.0;
				OTHER_LDFLAGS = (
					"-framework",
					SafariServices,
					"-framework",
					WebKit,
				);
				PRODUCT_BUNDLE_IDENTIFIER = nl.quintenvannoorloos.aes;
				PRODUCT_NAME = "Autotask Enhancement Suite";
				SDKROOT = iphoneos;
				STRING_CATALOG_GENERATE_SYMBOLS = YES;
				SWIFT_APPROACHABLE_CONCURRENCY = YES;
				SWIFT_DEFAULT_ACTOR_ISOLATION = MainActor;
				SWIFT_EMIT_LOC_STRINGS = YES;
				SWIFT_UPCOMING_FEATURE_MEMBER_IMPORT_VISIBILITY = YES;
				SWIFT_VERSION = 5.0;
				TARGETED_DEVICE_FAMILY = "1,2";
			};
			name = Debug;
		};
		480461962F9FF45F00B2A4E0 /* Release */ = {
			isa = XCBuildConfiguration;
			buildSettings = {
				ASSETCATALOG_COMPILER_APPICON_NAME = AppIcon;
				ASSETCATALOG_COMPILER_GLOBAL_ACCENT_COLOR_NAME = AccentColor;
				CODE_SIGN_STYLE = Automatic;
				CURRENT_PROJECT_VERSION = 1;
				GENERATE_INFOPLIST_FILE = YES;
				INFOPLIST_FILE = "iOS (App)/Info.plist";
				INFOPLIST_KEY_CFBundleDisplayName = "Autotask Enhancement Suite";
				INFOPLIST_KEY_UIApplicationSupportsIndirectInputEvents = YES;
				INFOPLIST_KEY_UILaunchStoryboardName = LaunchScreen;
				INFOPLIST_KEY_UIMainStoryboardFile = Main;
				INFOPLIST_KEY_UISupportedInterfaceOrientations = "UIInterfaceOrientationPortrait UIInterfaceOrientationLandscapeLeft UIInterfaceOrientationLandscapeRight";
				INFOPLIST_KEY_UISupportedInterfaceOrientations_iPad = "UIInterfaceOrientationPortrait UIInterfaceOrientationPortraitUpsideDown UIInterfaceOrientationLandscapeLeft UIInterfaceOrientationLandscapeRight";
				IPHONEOS_DEPLOYMENT_TARGET = 15.0;
				LD_RUNPATH_SEARCH_PATHS = (
					"$(inherited)",
					"@executable_path/Frameworks",
				);
				MARKETING_VERSION = 1.0;
				OTHER_LDFLAGS = (
					"-framework",
					SafariServices,
					"-framework",
					WebKit,
				);
				PRODUCT_BUNDLE_IDENTIFIER = nl.quintenvannoorloos.aes;
				PRODUCT_NAME = "Autotask Enhancement Suite";
				SDKROOT = iphoneos;
				STRING_CATALOG_GENERATE_SYMBOLS = YES;
				SWIFT_APPROACHABLE_CONCURRENCY = YES;
				SWIFT_DEFAULT_ACTOR_ISOLATION = MainActor;
				SWIFT_EMIT_LOC_STRINGS = YES;
				SWIFT_UPCOMING_FEATURE_MEMBER_IMPORT_VISIBILITY = YES;
				SWIFT_VERSION = 5.0;
				TARGETED_DEVICE_FAMILY = "1,2";
				VALIDATE_PRODUCT = YES;
			};
			name = Release;
		};
		480461982F9FF45F00B2A4E0 /* Debug */ = {
			isa = XCBuildConfiguration;
			buildSettings = {
				CODE_SIGN_STYLE = Automatic;
				CURRENT_PROJECT_VERSION = 1;
				ENABLE_APP_SANDBOX = YES;
				ENABLE_HARDENED_RUNTIME = YES;
				ENABLE_USER_SELECTED_FILES = readonly;
				GENERATE_INFOPLIST_FILE = YES;
				INFOPLIST_FILE = "macOS (Extension)/Info.plist";
				INFOPLIST_KEY_CFBundleDisplayName = "Autotask Enhancement Suite Extension";
				INFOPLIST_KEY_NSHumanReadableCopyright = "";
				LD_RUNPATH_SEARCH_PATHS = (
					"$(inherited)",
					"@executable_path/../Frameworks",
					"@executable_path/../../../../Frameworks",
				);
				MACOSX_DEPLOYMENT_TARGET = 10.14;
				MARKETING_VERSION = 1.0;
				OTHER_LDFLAGS = (
					"-framework",
					SafariServices,
				);
				PRODUCT_BUNDLE_IDENTIFIER = nl.quintenvannoorloos.aes.Extension;
				PRODUCT_NAME = "Autotask Enhancement Suite Extension";
				SDKROOT = macosx;
				SKIP_INSTALL = YES;
				STRING_CATALOG_GENERATE_SYMBOLS = YES;
				SWIFT_APPROACHABLE_CONCURRENCY = YES;
				SWIFT_EMIT_LOC_STRINGS = YES;
				SWIFT_UPCOMING_FEATURE_MEMBER_IMPORT_VISIBILITY = YES;
				SWIFT_VERSION = 5.0;
			};
			name = Debug;
		};
		480461992F9FF45F00B2A4E0 /* Release */ = {
			isa = XCBuildConfiguration;
			buildSettings = {
				CODE_SIGN_STYLE = Automatic;
				CURRENT_PROJECT_VERSION = 1;
				ENABLE_APP_SANDBOX = YES;
				ENABLE_HARDENED_RUNTIME = YES;
				ENABLE_USER_SELECTED_FILES = readonly;
				GENERATE_INFOPLIST_FILE = YES;
				INFOPLIST_FILE = "macOS (Extension)/Info.plist";
				INFOPLIST_KEY_CFBundleDisplayName = "Autotask Enhancement Suite Extension";
				INFOPLIST_KEY_NSHumanReadableCopyright = "";
				LD_RUNPATH_SEARCH_PATHS = (
					"$(inherited)",
					"@executable_path/../Frameworks",
					"@executable_path/../../../../Frameworks",
				);
				MACOSX_DEPLOYMENT_TARGET = 10.14;
				MARKETING_VERSION = 1.0;
				OTHER_LDFLAGS = (
					"-framework",
					SafariServices,
				);
				PRODUCT_BUNDLE_IDENTIFIER = nl.quintenvannoorloos.aes.Extension;
				PRODUCT_NAME = "Autotask Enhancement Suite Extension";
				SDKROOT = macosx;
				SKIP_INSTALL = YES;
				STRING_CATALOG_GENERATE_SYMBOLS = YES;
				SWIFT_APPROACHABLE_CONCURRENCY = YES;
				SWIFT_EMIT_LOC_STRINGS = YES;
				SWIFT_UPCOMING_FEATURE_MEMBER_IMPORT_VISIBILITY = YES;
				SWIFT_VERSION = 5.0;
			};
			name = Release;
		};
		4804619C2F9FF45F00B2A4E0 /* Debug */ = {
			isa = XCBuildConfiguration;
			buildSettings = {
				ASSETCATALOG_COMPILER_APPICON_NAME = AppIcon;
				ASSETCATALOG_COMPILER_GLOBAL_ACCENT_COLOR_NAME = AccentColor;
				CODE_SIGN_STYLE = Automatic;
				CURRENT_PROJECT_VERSION = 1;
				ENABLE_APP_SANDBOX = YES;
				ENABLE_HARDENED_RUNTIME = YES;
				ENABLE_OUTGOING_NETWORK_CONNECTIONS = YES;
				ENABLE_USER_SELECTED_FILES = readonly;
				GENERATE_INFOPLIST_FILE = YES;
				INFOPLIST_FILE = "macOS (App)/Info.plist";
				INFOPLIST_KEY_CFBundleDisplayName = "Autotask Enhancement Suite";
				INFOPLIST_KEY_NSMainStoryboardFile = Main;
				INFOPLIST_KEY_NSPrincipalClass = NSApplication;
				LD_RUNPATH_SEARCH_PATHS = (
					"$(inherited)",
					"@executable_path/../Frameworks",
				);
				MACOSX_DEPLOYMENT_TARGET = 10.14;
				MARKETING_VERSION = 1.0;
				OTHER_LDFLAGS = (
					"-framework",
					SafariServices,
					"-framework",
					WebKit,
				);
				PRODUCT_BUNDLE_IDENTIFIER = nl.quintenvannoorloos.aes;
				PRODUCT_NAME = "Autotask Enhancement Suite";
				REGISTER_APP_GROUPS = YES;
				SDKROOT = macosx;
				STRING_CATALOG_GENERATE_SYMBOLS = YES;
				SWIFT_APPROACHABLE_CONCURRENCY = YES;
				SWIFT_DEFAULT_ACTOR_ISOLATION = MainActor;
				SWIFT_EMIT_LOC_STRINGS = YES;
				SWIFT_UPCOMING_FEATURE_MEMBER_IMPORT_VISIBILITY = YES;
				SWIFT_VERSION = 5.0;
			};
			name = Debug;
		};
		4804619D2F9FF45F00B2A4E0 /* Release */ = {
			isa = XCBuildConfiguration;
			buildSettings = {
				ASSETCATALOG_COMPILER_APPICON_NAME = AppIcon;
				ASSETCATALOG_COMPILER_GLOBAL_ACCENT_COLOR_NAME = AccentColor;
				CODE_SIGN_STYLE = Automatic;
				CURRENT_PROJECT_VERSION = 1;
				ENABLE_APP_SANDBOX = YES;
				ENABLE_HARDENED_RUNTIME = YES;
				ENABLE_OUTGOING_NETWORK_CONNECTIONS = YES;
				ENABLE_USER_SELECTED_FILES = readonly;
				GENERATE_INFOPLIST_FILE = YES;
				INFOPLIST_FILE = "macOS (App)/Info.plist";
				INFOPLIST_KEY_CFBundleDisplayName = "Autotask Enhancement Suite";
				INFOPLIST_KEY_NSMainStoryboardFile = Main;
				INFOPLIST_KEY_NSPrincipalClass = NSApplication;
				LD_RUNPATH_SEARCH_PATHS = (
					"$(inherited)",
					"@executable_path/../Frameworks",
				);
				MACOSX_DEPLOYMENT_TARGET = 10.14;
				MARKETING_VERSION = 1.0;
				OTHER_LDFLAGS = (
					"-framework",
					SafariServices,
					"-framework",
					WebKit,
				);
				PRODUCT_BUNDLE_IDENTIFIER = nl.quintenvannoorloos.aes;
				PRODUCT_NAME = "Autotask Enhancement Suite";
				REGISTER_APP_GROUPS = YES;
				SDKROOT = macosx;
				STRING_CATALOG_GENERATE_SYMBOLS = YES;
				SWIFT_APPROACHABLE_CONCURRENCY = YES;
				SWIFT_DEFAULT_ACTOR_ISOLATION = MainActor;
				SWIFT_EMIT_LOC_STRINGS = YES;
				SWIFT_UPCOMING_FEATURE_MEMBER_IMPORT_VISIBILITY = YES;
				SWIFT_VERSION = 5.0;
			};
			name = Release;
		};
/* End XCBuildConfiguration section */

/* Begin XCConfigurationList section */
		480461422F9FF45E00B2A4E0 /* Build configuration list for PBXProject "Autotask Enhancement Suite" */ = {
			isa = XCConfigurationList;
			buildConfigurations = (
				4804618E2F9FF45F00B2A4E0 /* Debug */,
				4804618F2F9FF45F00B2A4E0 /* Release */,
			);
			defaultConfigurationIsVisible = 0;
			defaultConfigurationName = Release;
		};
		480461902F9FF45F00B2A4E0 /* Build configuration list for PBXNativeTarget "Autotask Enhancement Suite Extension (iOS)" */ = {
			isa = XCConfigurationList;
			buildConfigurations = (
				480461912F9FF45F00B2A4E0 /* Debug */,
				480461922F9FF45F00B2A4E0 /* Release */,
			);
			defaultConfigurationIsVisible = 0;
			defaultConfigurationName = Release;
		};
		480461942F9FF45F00B2A4E0 /* Build configuration list for PBXNativeTarget "Autotask Enhancement Suite (iOS)" */ = {
			isa = XCConfigurationList;
			buildConfigurations = (
				480461952F9FF45F00B2A4E0 /* Debug */,
				480461962F9FF45F00B2A4E0 /* Release */,
			);
			defaultConfigurationIsVisible = 0;
			defaultConfigurationName = Release;
		};
		480461972F9FF45F00B2A4E0 /* Build configuration list for PBXNativeTarget "Autotask Enhancement Suite Extension (macOS)" */ = {
			isa = XCConfigurationList;
			buildConfigurations = (
				480461982F9FF45F00B2A4E0 /* Debug */,
				480461992F9FF45F00B2A4E0 /* Release */,
			);
			defaultConfigurationIsVisible = 0;
			defaultConfigurationName = Release;
		};
		4804619B2F9FF45F00B2A4E0 /* Build configuration list for PBXNativeTarget "Autotask Enhancement Suite (macOS)" */ = {
			isa = XCConfigurationList;
			buildConfigurations = (
				4804619C2F9FF45F00B2A4E0 /* Debug */,
				4804619D2F9FF45F00B2A4E0 /* Release */,
			);
			defaultConfigurationIsVisible = 0;
			defaultConfigurationName = Release;
		};
/* End XCConfigurationList section */
	};
	rootObject = 4804613F2F9FF45E00B2A4E0 /* Project object */;
}
